
Microsoft Visual Studio Solution File, Format Version 12.00
# Visual Studio Version 17
VisualStudioVersion = 17.9.34701.34
MinimumVisualStudioVersion = 10.0.40219.1
Project("{9A19103F-16F7-4668-BE54-9A1E7A4F7556}") = "Calcularsueldo", "Calcularsueldo\Calcularsueldo.csproj", "{74EE3C28-AF2E-429A-ACCE-1AFB6034BA80}"
EndProject
Project("{FAE04EC0-301F-11D3-BF4B-00C04F79EFBC}") = "ConsoleAppOtra", "ConsoleAppOtra\ConsoleAppOtra.csproj", "{D8BAF225-A2B3-4AFC-BF0D-95BDB5EC74B2}"
EndProject
Global
	GlobalSection(SolutionConfigurationPlatforms) = preSolution
		Debug|Any CPU = Debug|Any CPU
		Release|Any CPU = Release|Any CPU
	EndGlobalSection
	GlobalSection(ProjectConfigurationPlatforms) = postSolution
		{74EE3C28-AF2E-429A-ACCE-1AFB6034BA80}.Debug|Any CPU.ActiveCfg = Debug|Any CPU
		{74EE3C28-AF2E-429A-ACCE-1AFB6034BA80}.Debug|Any CPU.Build.0 = Debug|Any CPU
		{74EE3C28-AF2E-429A-ACCE-1AFB6034BA80}.Release|Any CPU.ActiveCfg = Release|Any CPU
		{74EE3C28-AF2E-429A-ACCE-1AFB6034BA80}.Release|Any CPU.Build.0 = Release|Any CPU
		{D8BAF225-A2B3-4AFC-BF0D-95BDB5EC74B2}.Debug|Any CPU.ActiveCfg = Debug|Any CPU
		{D8BAF225-A2B3-4AFC-BF0D-95BDB5EC74B2}.Debug|Any CPU.Build.0 = Debug|Any CPU
		{D8BAF225-A2B3-4AFC-BF0D-95BDB5EC74B2}.Release|Any CPU.ActiveCfg = Release|Any CPU
		{D8BAF225-A2B3-4AFC-BF0D-95BDB5EC74B2}.Release|Any CPU.Build.0 = Release|Any CPU
	EndGlobalSection
	GlobalSection(SolutionProperties) = preSolution
		HideSolutionNode = FALSE
	EndGlobalSection
	GlobalSection(ExtensibilityGlobals) = postSolution
		SolutionGuid = {EA55775E-E00B-4A71-8D48-8B0D50438C74}
	EndGlobalSection
EndGlobal
